PODS:
  - charset_converter (0.0.1):
    - Flutter
  - Flutter (1.0.0)

DEPENDENCIES:
  - charset_converter (from `.symlinks/plugins/charset_converter/ios`)
  - Flutter (from `Flutter`)

EXTERNAL SOURCES:
  charset_converter:
    :path: ".symlinks/plugins/charset_converter/ios"
  Flutter:
    :path: Flutter

SPEC CHECKSUMS:
  charset_converter: 82bc1d2e3c70dcb51bf769e9772e3ae5b2571695
  Flutter: cabc95a1d2626b1b06e7179b784ebcf0c0cde467

PODFILE CHECKSUM: 0dbd5a87e0ace00c9610d2037ac22083a01f861d

COCOAPODS: 1.16.2
